
Microsoft Visual Studio Solution File, Format Version 12.00
# Visual Studio Version 17
VisualStudioVersion = 17.5.33530.505
MinimumVisualStudioVersion = 10.0.40219.1
Project("{2150E333-8FDC-42A3-9474-1A3956D46DE8}") = "src", "src", "{C60BCE84-4AF4-4393-8D3E-1B69E29549C1}"
EndProject
Project("{9A19103F-16F7-4668-BE54-9A1E7A4F7556}") = "AntDesign.ProLayout", "src\layout\src\AntDesign.ProLayout.csproj", "{4E8E4DA8-6738-4F24-93C1-6DF5EA7CAD77}"
EndProject
Project("{9A19103F-16F7-4668-BE54-9A1E7A4F7556}") = "AntDesign.ProLayout.Wasm", "src\layout\example\AntDesign.ProLayout.Wasm\AntDesign.ProLayout.Wasm.csproj", "{47D49A50-3A1D-4DB1-9F16-5D7CA94DA112}"
EndProject
Project("{9A19103F-16F7-4668-BE54-9A1E7A4F7556}") = "AntDesign.ProDescriptions", "src\descriptions\src\AntDesign.ProDescriptions.csproj", "{8AC14672-864A-4F88-8A17-500FA7F356F8}"
EndProject
Project("{2150E333-8FDC-42A3-9474-1A3956D46DE8}") = "examples", "examples", "{9D39B8F6-05B6-426F-A527-58291D513F81}"
EndProject
Project("{9A19103F-16F7-4668-BE54-9A1E7A4F7556}") = "AntDesign.ProField", "src\field\src\AntDesign.ProField.csproj", "{B74269AA-09D8-4FDA-A289-24BFA00E4967}"
EndProject
Project("{9A19103F-16F7-4668-BE54-9A1E7A4F7556}") = "AntDesign.ProForm", "src\form\src\AntDesign.ProForm.csproj", "{F5872720-29DB-4DDF-AE26-B4ECEB875F35}"
EndProject
Project("{9A19103F-16F7-4668-BE54-9A1E7A4F7556}") = "AntDesign.ProList", "src\list\src\AntDesign.ProList.csproj", "{C62735CD-E042-43E5-A390-5FD184DE928C}"
EndProject
Project("{9A19103F-16F7-4668-BE54-9A1E7A4F7556}") = "AntDesign.ProProvider", "src\provider\src\AntDesign.ProProvider.csproj", "{77F84D47-6E37-4117-81AA-D11B0CB58541}"
EndProject
Project("{9A19103F-16F7-4668-BE54-9A1E7A4F7556}") = "AntDesign.ProSkeleton", "src\skeleton\src\AntDesign.ProSkeleton.csproj", "{A1AC4A7F-3801-44AE-9138-8DB50587C38B}"
EndProject
Project("{9A19103F-16F7-4668-BE54-9A1E7A4F7556}") = "AntDesign.ProTable", "src\table\src\AntDesign.ProTable.csproj", "{24F0C372-B342-4F69-8820-5F8744DEFC44}"
EndProject
Project("{2150E333-8FDC-42A3-9474-1A3956D46DE8}") = "Solution Items", "Solution Items", "{A9A0BF59-AC69-4B1E-9364-6BB011843263}"
	ProjectSection(SolutionItems) = preProject
		common.props = common.props
	EndProjectSection
EndProject
Project("{9A19103F-16F7-4668-BE54-9A1E7A4F7556}") = "AntDesign.ProCard", "src\card\src\AntDesign.ProCard.csproj", "{4159DB7D-48E4-4FC2-9320-E6B239C5C88C}"
EndProject
Project("{9A19103F-16F7-4668-BE54-9A1E7A4F7556}") = "AntDesign.ProComponents", "src\components\src\AntDesign.ProComponents.csproj", "{04D48EC5-FFB2-44FF-A141-17C5A853E053}"
EndProject
Global
	GlobalSection(SolutionConfigurationPlatforms) = preSolution
		Debug|Any CPU = Debug|Any CPU
		Release|Any CPU = Release|Any CPU
	EndGlobalSection
	GlobalSection(ProjectConfigurationPlatforms) = postSolution
		{4E8E4DA8-6738-4F24-93C1-6DF5EA7CAD77}.Debug|Any CPU.ActiveCfg = Debug|Any CPU
		{4E8E4DA8-6738-4F24-93C1-6DF5EA7CAD77}.Debug|Any CPU.Build.0 = Debug|Any CPU
		{4E8E4DA8-6738-4F24-93C1-6DF5EA7CAD77}.Release|Any CPU.ActiveCfg = Release|Any CPU
		{4E8E4DA8-6738-4F24-93C1-6DF5EA7CAD77}.Release|Any CPU.Build.0 = Release|Any CPU
		{47D49A50-3A1D-4DB1-9F16-5D7CA94DA112}.Debug|Any CPU.ActiveCfg = Debug|Any CPU
		{47D49A50-3A1D-4DB1-9F16-5D7CA94DA112}.Debug|Any CPU.Build.0 = Debug|Any CPU
		{47D49A50-3A1D-4DB1-9F16-5D7CA94DA112}.Release|Any CPU.ActiveCfg = Release|Any CPU
		{47D49A50-3A1D-4DB1-9F16-5D7CA94DA112}.Release|Any CPU.Build.0 = Release|Any CPU
		{8AC14672-864A-4F88-8A17-500FA7F356F8}.Debug|Any CPU.ActiveCfg = Debug|Any CPU
		{8AC14672-864A-4F88-8A17-500FA7F356F8}.Debug|Any CPU.Build.0 = Debug|Any CPU
		{8AC14672-864A-4F88-8A17-500FA7F356F8}.Release|Any CPU.ActiveCfg = Release|Any CPU
		{8AC14672-864A-4F88-8A17-500FA7F356F8}.Release|Any CPU.Build.0 = Release|Any CPU
		{B74269AA-09D8-4FDA-A289-24BFA00E4967}.Debug|Any CPU.ActiveCfg = Debug|Any CPU
		{B74269AA-09D8-4FDA-A289-24BFA00E4967}.Debug|Any CPU.Build.0 = Debug|Any CPU
		{B74269AA-09D8-4FDA-A289-24BFA00E4967}.Release|Any CPU.ActiveCfg = Release|Any CPU
		{B74269AA-09D8-4FDA-A289-24BFA00E4967}.Release|Any CPU.Build.0 = Release|Any CPU
		{F5872720-29DB-4DDF-AE26-B4ECEB875F35}.Debug|Any CPU.ActiveCfg = Debug|Any CPU
		{F5872720-29DB-4DDF-AE26-B4ECEB875F35}.Debug|Any CPU.Build.0 = Debug|Any CPU
		{F5872720-29DB-4DDF-AE26-B4ECEB875F35}.Release|Any CPU.ActiveCfg = Release|Any CPU
		{F5872720-29DB-4DDF-AE26-B4ECEB875F35}.Release|Any CPU.Build.0 = Release|Any CPU
		{C62735CD-E042-43E5-A390-5FD184DE928C}.Debug|Any CPU.ActiveCfg = Debug|Any CPU
		{C62735CD-E042-43E5-A390-5FD184DE928C}.Debug|Any CPU.Build.0 = Debug|Any CPU
		{C62735CD-E042-43E5-A390-5FD184DE928C}.Release|Any CPU.ActiveCfg = Release|Any CPU
		{C62735CD-E042-43E5-A390-5FD184DE928C}.Release|Any CPU.Build.0 = Release|Any CPU
		{77F84D47-6E37-4117-81AA-D11B0CB58541}.Debug|Any CPU.ActiveCfg = Debug|Any CPU
		{77F84D47-6E37-4117-81AA-D11B0CB58541}.Debug|Any CPU.Build.0 = Debug|Any CPU
		{77F84D47-6E37-4117-81AA-D11B0CB58541}.Release|Any CPU.ActiveCfg = Release|Any CPU
		{77F84D47-6E37-4117-81AA-D11B0CB58541}.Release|Any CPU.Build.0 = Release|Any CPU
		{A1AC4A7F-3801-44AE-9138-8DB50587C38B}.Debug|Any CPU.ActiveCfg = Debug|Any CPU
		{A1AC4A7F-3801-44AE-9138-8DB50587C38B}.Debug|Any CPU.Build.0 = Debug|Any CPU
		{A1AC4A7F-3801-44AE-9138-8DB50587C38B}.Release|Any CPU.ActiveCfg = Release|Any CPU
		{A1AC4A7F-3801-44AE-9138-8DB50587C38B}.Release|Any CPU.Build.0 = Release|Any CPU
		{24F0C372-B342-4F69-8820-5F8744DEFC44}.Debug|Any CPU.ActiveCfg = Debug|Any CPU
		{24F0C372-B342-4F69-8820-5F8744DEFC44}.Debug|Any CPU.Build.0 = Debug|Any CPU
		{24F0C372-B342-4F69-8820-5F8744DEFC44}.Release|Any CPU.ActiveCfg = Release|Any CPU
		{24F0C372-B342-4F69-8820-5F8744DEFC44}.Release|Any CPU.Build.0 = Release|Any CPU
		{4159DB7D-48E4-4FC2-9320-E6B239C5C88C}.Debug|Any CPU.ActiveCfg = Debug|Any CPU
		{4159DB7D-48E4-4FC2-9320-E6B239C5C88C}.Debug|Any CPU.Build.0 = Debug|Any CPU
		{4159DB7D-48E4-4FC2-9320-E6B239C5C88C}.Release|Any CPU.ActiveCfg = Release|Any CPU
		{4159DB7D-48E4-4FC2-9320-E6B239C5C88C}.Release|Any CPU.Build.0 = Release|Any CPU
		{04D48EC5-FFB2-44FF-A141-17C5A853E053}.Debug|Any CPU.ActiveCfg = Debug|Any CPU
		{04D48EC5-FFB2-44FF-A141-17C5A853E053}.Debug|Any CPU.Build.0 = Debug|Any CPU
		{04D48EC5-FFB2-44FF-A141-17C5A853E053}.Release|Any CPU.ActiveCfg = Release|Any CPU
		{04D48EC5-FFB2-44FF-A141-17C5A853E053}.Release|Any CPU.Build.0 = Release|Any CPU
	EndGlobalSection
	GlobalSection(SolutionProperties) = preSolution
		HideSolutionNode = FALSE
	EndGlobalSection
	GlobalSection(NestedProjects) = preSolution
		{4E8E4DA8-6738-4F24-93C1-6DF5EA7CAD77} = {C60BCE84-4AF4-4393-8D3E-1B69E29549C1}
		{47D49A50-3A1D-4DB1-9F16-5D7CA94DA112} = {9D39B8F6-05B6-426F-A527-58291D513F81}
		{8AC14672-864A-4F88-8A17-500FA7F356F8} = {C60BCE84-4AF4-4393-8D3E-1B69E29549C1}
		{B74269AA-09D8-4FDA-A289-24BFA00E4967} = {C60BCE84-4AF4-4393-8D3E-1B69E29549C1}
		{F5872720-29DB-4DDF-AE26-B4ECEB875F35} = {C60BCE84-4AF4-4393-8D3E-1B69E29549C1}
		{C62735CD-E042-43E5-A390-5FD184DE928C} = {C60BCE84-4AF4-4393-8D3E-1B69E29549C1}
		{77F84D47-6E37-4117-81AA-D11B0CB58541} = {C60BCE84-4AF4-4393-8D3E-1B69E29549C1}
		{A1AC4A7F-3801-44AE-9138-8DB50587C38B} = {C60BCE84-4AF4-4393-8D3E-1B69E29549C1}
		{24F0C372-B342-4F69-8820-5F8744DEFC44} = {C60BCE84-4AF4-4393-8D3E-1B69E29549C1}
		{4159DB7D-48E4-4FC2-9320-E6B239C5C88C} = {C60BCE84-4AF4-4393-8D3E-1B69E29549C1}
		{04D48EC5-FFB2-44FF-A141-17C5A853E053} = {C60BCE84-4AF4-4393-8D3E-1B69E29549C1}
	EndGlobalSection
	GlobalSection(ExtensibilityGlobals) = postSolution
		SolutionGuid = {E124DDCB-1F8D-4F96-BF41-D87019D0A412}
	EndGlobalSection
EndGlobal
