
Microsoft Visual Studio Solution File, Format Version 12.00
# Visual Studio Version 17
VisualStudioVersion = 17.0.31903.59
MinimumVisualStudioVersion = 10.0.40219.1
Project("{2150E333-8FDC-42A3-9474-1A3956D46DE8}") = "src", "src", "{58A9AFD7-E45A-4E44-A999-F3AB1399BA90}"
EndProject
Project("{9A19103F-16F7-4668-BE54-9A1E7A4F7556}") = "AntDesign.ProDescriptions", "src\AntDesign.ProDescriptions.csproj", "{CDBF60B4-B39C-4116-B673-53191C66615E}"
EndProject
Global
	GlobalSection(SolutionConfigurationPlatforms) = preSolution
		Debug|Any CPU = Debug|Any CPU
		Release|Any CPU = Release|Any CPU
	EndGlobalSection
	GlobalSection(ProjectConfigurationPlatforms) = postSolution
		{CDBF60B4-B39C-4116-B673-53191C66615E}.Debug|Any CPU.ActiveCfg = Debug|Any CPU
		{CDBF60B4-B39C-4116-B673-53191C66615E}.Debug|Any CPU.Build.0 = Debug|Any CPU
		{CDBF60B4-B39C-4116-B673-53191C66615E}.Release|Any CPU.ActiveCfg = Release|Any CPU
		{CDBF60B4-B39C-4116-B673-53191C66615E}.Release|Any CPU.Build.0 = Release|Any CPU
	EndGlobalSection
	GlobalSection(SolutionProperties) = preSolution
		HideSolutionNode = FALSE
	EndGlobalSection
	GlobalSection(NestedProjects) = preSolution
		{CDBF60B4-B39C-4116-B673-53191C66615E} = {58A9AFD7-E45A-4E44-A999-F3AB1399BA90}
	EndGlobalSection
	GlobalSection(ExtensibilityGlobals) = postSolution
		SolutionGuid = {AD461615-39E8-4047-A416-9A09D9824164}
	EndGlobalSection
EndGlobal
