
Microsoft Visual Studio Solution File, Format Version 12.00
# Visual Studio Version 17
VisualStudioVersion = 17.0.31903.59
MinimumVisualStudioVersion = 10.0.40219.1
Project("{2150E333-8FDC-42A3-9474-1A3956D46DE8}") = "src", "src", "{83539AB2-31A6-41E5-86BB-CDDC28410B59}"
EndProject
Project("{9A19103F-16F7-4668-BE54-9A1E7A4F7556}") = "AntDesign.ProTable", "src\AntDesign.ProTable.csproj", "{520251F0-E382-4391-A9ED-9E1509368FC0}"
EndProject
Global
	GlobalSection(SolutionConfigurationPlatforms) = preSolution
		Debug|Any CPU = Debug|Any CPU
		Release|Any CPU = Release|Any CPU
	EndGlobalSection
	GlobalSection(ProjectConfigurationPlatforms) = postSolution
		{520251F0-E382-4391-A9ED-9E1509368FC0}.Debug|Any CPU.ActiveCfg = Debug|Any CPU
		{520251F0-E382-4391-A9ED-9E1509368FC0}.Debug|Any CPU.Build.0 = Debug|Any CPU
		{520251F0-E382-4391-A9ED-9E1509368FC0}.Release|Any CPU.ActiveCfg = Release|Any CPU
		{520251F0-E382-4391-A9ED-9E1509368FC0}.Release|Any CPU.Build.0 = Release|Any CPU
	EndGlobalSection
	GlobalSection(SolutionProperties) = preSolution
		HideSolutionNode = FALSE
	EndGlobalSection
	GlobalSection(NestedProjects) = preSolution
		{520251F0-E382-4391-A9ED-9E1509368FC0} = {83539AB2-31A6-41E5-86BB-CDDC28410B59}
	EndGlobalSection
	GlobalSection(ExtensibilityGlobals) = postSolution
		SolutionGuid = {C9229C13-B785-4042-B1BF-840928CA6727}
	EndGlobalSection
EndGlobal
