
Microsoft Visual Studio Solution File, Format Version 12.00
# Visual Studio Version 17
VisualStudioVersion = 17.0.31903.59
MinimumVisualStudioVersion = 10.0.40219.1
Project("{2150E333-8FDC-42A3-9474-1A3956D46DE8}") = "src", "src", "{FA208019-63B5-4820-A39B-D7208549242B}"
EndProject
Project("{9A19103F-16F7-4668-BE54-9A1E7A4F7556}") = "AntDesign.ProField", "src\AntDesign.ProField.csproj", "{BEAAF27F-6362-4C18-95C2-761353E587D4}"
EndProject
Global
	GlobalSection(SolutionConfigurationPlatforms) = preSolution
		Debug|Any CPU = Debug|Any CPU
		Release|Any CPU = Release|Any CPU
	EndGlobalSection
	GlobalSection(ProjectConfigurationPlatforms) = postSolution
		{BEAAF27F-6362-4C18-95C2-761353E587D4}.Debug|Any CPU.ActiveCfg = Debug|Any CPU
		{BEAAF27F-6362-4C18-95C2-761353E587D4}.Debug|Any CPU.Build.0 = Debug|Any CPU
		{BEAAF27F-6362-4C18-95C2-761353E587D4}.Release|Any CPU.ActiveCfg = Release|Any CPU
		{BEAAF27F-6362-4C18-95C2-761353E587D4}.Release|Any CPU.Build.0 = Release|Any CPU
	EndGlobalSection
	GlobalSection(SolutionProperties) = preSolution
		HideSolutionNode = FALSE
	EndGlobalSection
	GlobalSection(NestedProjects) = preSolution
		{BEAAF27F-6362-4C18-95C2-761353E587D4} = {FA208019-63B5-4820-A39B-D7208549242B}
	EndGlobalSection
EndGlobal
