
Microsoft Visual Studio Solution File, Format Version 12.00
# Visual Studio Version 17
VisualStudioVersion = 17.0.31903.59
MinimumVisualStudioVersion = 10.0.40219.1
Project("{2150E333-8FDC-42A3-9474-1A3956D46DE8}") = "src", "src", "{146E78D2-4EFF-4F44-8F9D-D5DA02995AAD}"
EndProject
Project("{9A19103F-16F7-4668-BE54-9A1E7A4F7556}") = "AntDesign.ProComponents", "src\AntDesign.ProComponents.csproj", "{1B081986-DAEE-4FEC-B6F9-BCBD171D4BEA}"
EndProject
Global
	GlobalSection(SolutionConfigurationPlatforms) = preSolution
		Debug|Any CPU = Debug|Any CPU
		Release|Any CPU = Release|Any CPU
	EndGlobalSection
	GlobalSection(ProjectConfigurationPlatforms) = postSolution
		{1B081986-DAEE-4FEC-B6F9-BCBD171D4BEA}.Debug|Any CPU.ActiveCfg = Debug|Any CPU
		{1B081986-DAEE-4FEC-B6F9-BCBD171D4BEA}.Debug|Any CPU.Build.0 = Debug|Any CPU
		{1B081986-DAEE-4FEC-B6F9-BCBD171D4BEA}.Release|Any CPU.ActiveCfg = Release|Any CPU
		{1B081986-DAEE-4FEC-B6F9-BCBD171D4BEA}.Release|Any CPU.Build.0 = Release|Any CPU
	EndGlobalSection
	GlobalSection(SolutionProperties) = preSolution
		HideSolutionNode = FALSE
	EndGlobalSection
	GlobalSection(NestedProjects) = preSolution
		{1B081986-DAEE-4FEC-B6F9-BCBD171D4BEA} = {146E78D2-4EFF-4F44-8F9D-D5DA02995AAD}
	EndGlobalSection
	GlobalSection(ExtensibilityGlobals) = postSolution
		SolutionGuid = {CE860F87-5D80-49D0-8C71-E4896EFFF72E}
	EndGlobalSection
EndGlobal
