
Microsoft Visual Studio Solution File, Format Version 12.00
# Visual Studio Version 17
VisualStudioVersion = 17.0.31903.59
MinimumVisualStudioVersion = 10.0.40219.1
Project("{2150E333-8FDC-42A3-9474-1A3956D46DE8}") = "src", "src", "{BB75719E-865D-4E26-A0B4-FA57DE49FB81}"
EndProject
Project("{9A19103F-16F7-4668-BE54-9A1E7A4F7556}") = "AntDesign.ProList", "src\AntDesign.ProList.csproj", "{A80211CF-278B-4BF5-BFD1-778DD6BE87D7}"
EndProject
Global
	GlobalSection(SolutionConfigurationPlatforms) = preSolution
		Debug|Any CPU = Debug|Any CPU
		Release|Any CPU = Release|Any CPU
	EndGlobalSection
	GlobalSection(ProjectConfigurationPlatforms) = postSolution
		{A80211CF-278B-4BF5-BFD1-778DD6BE87D7}.Debug|Any CPU.ActiveCfg = Debug|Any CPU
		{A80211CF-278B-4BF5-BFD1-778DD6BE87D7}.Debug|Any CPU.Build.0 = Debug|Any CPU
		{A80211CF-278B-4BF5-BFD1-778DD6BE87D7}.Release|Any CPU.ActiveCfg = Release|Any CPU
		{A80211CF-278B-4BF5-BFD1-778DD6BE87D7}.Release|Any CPU.Build.0 = Release|Any CPU
	EndGlobalSection
	GlobalSection(SolutionProperties) = preSolution
		HideSolutionNode = FALSE
	EndGlobalSection
	GlobalSection(NestedProjects) = preSolution
		{A80211CF-278B-4BF5-BFD1-778DD6BE87D7} = {BB75719E-865D-4E26-A0B4-FA57DE49FB81}
	EndGlobalSection
	GlobalSection(ExtensibilityGlobals) = postSolution
		SolutionGuid = {FFCC906A-883B-406B-8237-081DA134A598}
	EndGlobalSection
EndGlobal
